// !$*UTF8*$!
{
	archiveVersion = 1;
	classes = {
	};
	objectVersion = 46;
	objects = {

/* Begin PBXBuildFile section */
		2C8D27571289FFE50024FCBA /* AppHelper.m in Sources */ = {isa = PBXBuildFile; fileRef = 2C8D27561289FFE50024FCBA /* AppHelper.m */; };
		2C994EA2126221AC00D00065 /* UIKit.framework in Frameworks */ = {isa = PBXBuildFile; fileRef = 2C994EA1126221AC00D00065 /* UIKit.framework */; };
		2C994EA4126221AC00D00065 /* Foundation.framework in Frameworks */ = {isa = PBXBuildFile; fileRef = 2C994EA3126221AC00D00065 /* Foundation.framework */; };
		2C994EA6126221AC00D00065 /* CoreGraphics.framework in Frameworks */ = {isa = PBXBuildFile; fileRef = 2C994EA5126221AC00D00065 /* CoreGraphics.framework */; };
		2C994EAB126221AC00D00065 /* InfoPlist.strings in Resources */ = {isa = PBXBuildFile; fileRef = 2C994EA9126221AC00D00065 /* InfoPlist.strings */; };
		2C994EAD126221AC00D00065 /* main.m in Sources */ = {isa = PBXBuildFile; fileRef = 2C994EAC126221AC00D00065 /* main.m */; };
		2C994EB0126221AC00D00065 /* Happy_DayAppDelegate.m in Sources */ = {isa = PBXBuildFile; fileRef = 2C994EAF126221AC00D00065 /* Happy_DayAppDelegate.m */; };
		2C994EB3126221AC00D00065 /* MainWindow.xib in Resources */ = {isa = PBXBuildFile; fileRef = 2C994EB1126221AC00D00065 /* MainWindow.xib */; };
		2CCD679D1265BD2F0006FC10 /* HappyTodayViewController.m in Sources */ = {isa = PBXBuildFile; fileRef = 2CCD679B1265BD2F0006FC10 /* HappyTodayViewController.m */; };
		2CCD679E1265BD2F0006FC10 /* HappyTodayViewController.xib in Resources */ = {isa = PBXBuildFile; fileRef = 2CCD679C1265BD2F0006FC10 /* HappyTodayViewController.xib */; };
		2CCD67A21265BD600006FC10 /* StatsViewController.m in Sources */ = {isa = PBXBuildFile; fileRef = 2CCD67A01265BD600006FC10 /* StatsViewController.m */; };
		2CCD67A31265BD600006FC10 /* StatsViewController.xib in Resources */ = {isa = PBXBuildFile; fileRef = 2CCD67A11265BD600006FC10 /* StatsViewController.xib */; };
		2CCD67A71265BD770006FC10 /* SettingsViewController.m in Sources */ = {isa = PBXBuildFile; fileRef = 2CCD67A51265BD770006FC10 /* SettingsViewController.m */; };
		2CCD67A81265BD770006FC10 /* SettingsViewController.xib in Resources */ = {isa = PBXBuildFile; fileRef = 2CCD67A61265BD770006FC10 /* SettingsViewController.xib */; };
		2CCD67AF1265BF500006FC10 /* happyday.png in Resources */ = {isa = PBXBuildFile; fileRef = 2CCD67AC1265BF500006FC10 /* happyday.png */; };
		2CCD67B01265BF500006FC10 /* settings.png in Resources */ = {isa = PBXBuildFile; fileRef = 2CCD67AD1265BF500006FC10 /* settings.png */; };
		2CCD67B11265BF500006FC10 /* stats.png in Resources */ = {isa = PBXBuildFile; fileRef = 2CCD67AE1265BF500006FC10 /* stats.png */; };
/* End PBXBuildFile section */

/* Begin PBXFileReference section */
		2C30649712622368005E335D /* UnitTests-Info.plist */ = {isa = PBXFileReference; lastKnownFileType = text.plist.xml; path = "UnitTests-Info.plist"; sourceTree = "<group>"; };
		2C8D27551289FFE50024FCBA /* AppHelper.h */ = {isa = PBXFileReference; fileEncoding = 4; lastKnownFileType = sourcecode.c.h; path = AppHelper.h; sourceTree = SOURCE_ROOT; };
		2C8D27561289FFE50024FCBA /* AppHelper.m */ = {isa = PBXFileReference; fileEncoding = 4; lastKnownFileType = sourcecode.c.objc; path = AppHelper.m; sourceTree = SOURCE_ROOT; };
		2C994E9E126221AC00D00065 /* Happy_Day.app */ = {isa = PBXFileReference; explicitFileType = wrapper.application; includeInIndex = 0; path = Happy_Day.app; sourceTree = BUILT_PRODUCTS_DIR; };
		2C994EA1126221AC00D00065 /* UIKit.framework */ = {isa = PBXFileReference; lastKnownFileType = wrapper.framework; name = UIKit.framework; path = System/Library/Frameworks/UIKit.framework; sourceTree = SDKROOT; };
		2C994EA3126221AC00D00065 /* Foundation.framework */ = {isa = PBXFileReference; lastKnownFileType = wrapper.framework; name = Foundation.framework; path = System/Library/Frameworks/Foundation.framework; sourceTree = SDKROOT; };
		2C994EA5126221AC00D00065 /* CoreGraphics.framework */ = {isa = PBXFileReference; lastKnownFileType = wrapper.framework; name = CoreGraphics.framework; path = System/Library/Frameworks/CoreGraphics.framework; sourceTree = SDKROOT; };
		2C994EA7126221AC00D00065 /* Happy_Day-Info.plist */ = {isa = PBXFileReference; lastKnownFileType = text.plist.xml; path = "Happy_Day-Info.plist"; sourceTree = "<group>"; };
		2C994EA8126221AC00D00065 /* Happy_Day_Prefix.pch */ = {isa = PBXFileReference; lastKnownFileType = sourcecode.c.h; path = Happy_Day_Prefix.pch; sourceTree = "<group>"; };
		2C994EAA126221AC00D00065 /* en */ = {isa = PBXFileReference; lastKnownFileType = text.plist.strings; name = en; path = en.lproj/InfoPlist.strings; sourceTree = "<group>"; };
		2C994EAC126221AC00D00065 /* main.m */ = {isa = PBXFileReference; lastKnownFileType = sourcecode.c.objc; path = main.m; sourceTree = "<group>"; };
		2C994EAE126221AC00D00065 /* Happy_DayAppDelegate.h */ = {isa = PBXFileReference; lastKnownFileType = sourcecode.c.h; path = Happy_DayAppDelegate.h; sourceTree = "<group>"; };
		2C994EAF126221AC00D00065 /* Happy_DayAppDelegate.m */ = {isa = PBXFileReference; lastKnownFileType = sourcecode.c.objc; path = Happy_DayAppDelegate.m; sourceTree = "<group>"; };
		2C994EB2126221AC00D00065 /* en */ = {isa = PBXFileReference; lastKnownFileType = file.xib; name = en; path = en.lproj/MainWindow.xib; sourceTree = "<group>"; };
		2CCD679A1265BD2F0006FC10 /* HappyTodayViewController.h */ = {isa = PBXFileReference; fileEncoding = 4; lastKnownFileType = sourcecode.c.h; path = HappyTodayViewController.h; sourceTree = "<group>"; };
		2CCD679B1265BD2F0006FC10 /* HappyTodayViewController.m */ = {isa = PBXFileReference; fileEncoding = 4; lastKnownFileType = sourcecode.c.objc; path = HappyTodayViewController.m; sourceTree = "<group>"; };
		2CCD679C1265BD2F0006FC10 /* HappyTodayViewController.xib */ = {isa = PBXFileReference; fileEncoding = 4; lastKnownFileType = file.xib; name = HappyTodayViewController.xib; path = Classes/HappyTodayViewController.xib; sourceTree = "<group>"; };
		2CCD679F1265BD600006FC10 /* StatsViewController.h */ = {isa = PBXFileReference; fileEncoding = 4; lastKnownFileType = sourcecode.c.h; path = StatsViewController.h; sourceTree = "<group>"; };
		2CCD67A01265BD600006FC10 /* StatsViewController.m */ = {isa = PBXFileReference; fileEncoding = 4; lastKnownFileType = sourcecode.c.objc; path = StatsViewController.m; sourceTree = "<group>"; };
		2CCD67A11265BD600006FC10 /* StatsViewController.xib */ = {isa = PBXFileReference; fileEncoding = 4; lastKnownFileType = file.xib; name = StatsViewController.xib; path = Classes/StatsViewController.xib; sourceTree = "<group>"; };
		2CCD67A41265BD770006FC10 /* SettingsViewController.h */ = {isa = PBXFileReference; fileEncoding = 4; lastKnownFileType = sourcecode.c.h; path = SettingsViewController.h; sourceTree = "<group>"; };
		2CCD67A51265BD770006FC10 /* SettingsViewController.m */ = {isa = PBXFileReference; fileEncoding = 4; lastKnownFileType = sourcecode.c.objc; path = SettingsViewController.m; sourceTree = "<group>"; };
		2CCD67A61265BD770006FC10 /* SettingsViewController.xib */ = {isa = PBXFileReference; fileEncoding = 4; lastKnownFileType = file.xib; name = SettingsViewController.xib; path = Classes/SettingsViewController.xib; sourceTree = "<group>"; };
		2CCD67AC1265BF500006FC10 /* happyday.png */ = {isa = PBXFileReference; lastKnownFileType = image.png; path = happyday.png; sourceTree = "<group>"; };
		2CCD67AD1265BF500006FC10 /* settings.png */ = {isa = PBXFileReference; lastKnownFileType = image.png; path = settings.png; sourceTree = "<group>"; };
		2CCD67AE1265BF500006FC10 /* stats.png */ = {isa = PBXFileReference; lastKnownFileType = image.png; path = stats.png; sourceTree = "<group>"; };
/* End PBXFileReference section */

/* Begin PBXFrameworksBuildPhase section */
		2C994E9B126221AC00D00065 /* Frameworks */ = {
			isa = PBXFrameworksBuildPhase;
			buildActionMask = 2147483647;
			files = (
				2C994EA2126221AC00D00065 /* UIKit.framework in Frameworks */,
				2C994EA4126221AC00D00065 /* Foundation.framework in Frameworks */,
				2C994EA6126221AC00D00065 /* CoreGraphics.framework in Frameworks */,
			);
			runOnlyForDeploymentPostprocessing = 0;
		};
/* End PBXFrameworksBuildPhase section */

/* Begin PBXGroup section */
		2C994E8F126221AC00D00065 = {
			isa = PBXGroup;
			children = (
				2C994E96126221AC00D00065 /* Classes */,
				2C994E97126221AC00D00065 /* Other Sources */,
				2C994E98126221AC00D00065 /* Resources */,
				2C994E99126221AC00D00065 /* Frameworks */,
				2C994E9F126221AC00D00065 /* Products */,
				2C30649712622368005E335D /* UnitTests-Info.plist */,
			);
			sourceTree = "<group>";
		};
		2C994E96126221AC00D00065 /* Classes */ = {
			isa = PBXGroup;
			children = (
				2C8D27551289FFE50024FCBA /* AppHelper.h */,
				2C8D27561289FFE50024FCBA /* AppHelper.m */,
				2CCD67991265BC480006FC10 /* VC */,
				2C994EAE126221AC00D00065 /* Happy_DayAppDelegate.h */,
				2C994EAF126221AC00D00065 /* Happy_DayAppDelegate.m */,
			);
			path = Classes;
			sourceTree = "<group>";
		};
		2C994E97126221AC00D00065 /* Other Sources */ = {
			isa = PBXGroup;
			children = (
				2C994EA8126221AC00D00065 /* Happy_Day_Prefix.pch */,
				2C994EAC126221AC00D00065 /* main.m */,
			);
			name = "Other Sources";
			sourceTree = "<group>";
		};
		2C994E98126221AC00D00065 /* Resources */ = {
			isa = PBXGroup;
			children = (
				2CCD67AA1265BE090006FC10 /* Icons */,
				2CCD67A91265BDEE0006FC10 /* VC */,
				2C994EA7126221AC00D00065 /* Happy_Day-Info.plist */,
				2C994EA9126221AC00D00065 /* InfoPlist.strings */,
				2C994EB1126221AC00D00065 /* MainWindow.xib */,
			);
			name = Resources;
			sourceTree = "<group>";
		};
		2C994E99126221AC00D00065 /* Frameworks */ = {
			isa = PBXGroup;
			children = (
				2C994EA1126221AC00D00065 /* UIKit.framework */,
				2C994EA3126221AC00D00065 /* Foundation.framework */,
				2C994EA5126221AC00D00065 /* CoreGraphics.framework */,
			);
			name = Frameworks;
			sourceTree = "<group>";
		};
		2C994E9F126221AC00D00065 /* Products */ = {
			isa = PBXGroup;
			children = (
				2C994E9E126221AC00D00065 /* Happy_Day.app */,
			);
			name = Products;
			sourceTree = "<group>";
		};
		2CCD67991265BC480006FC10 /* VC */ = {
			isa = PBXGroup;
			children = (
				2CCD67A41265BD770006FC10 /* SettingsViewController.h */,
				2CCD67A51265BD770006FC10 /* SettingsViewController.m */,
				2CCD679F1265BD600006FC10 /* StatsViewController.h */,
				2CCD67A01265BD600006FC10 /* StatsViewController.m */,
				2CCD679A1265BD2F0006FC10 /* HappyTodayViewController.h */,
				2CCD679B1265BD2F0006FC10 /* HappyTodayViewController.m */,
			);
			name = VC;
			sourceTree = "<group>";
		};
		2CCD67A91265BDEE0006FC10 /* VC */ = {
			isa = PBXGroup;
			children = (
				2CCD67A61265BD770006FC10 /* SettingsViewController.xib */,
				2CCD67A11265BD600006FC10 /* StatsViewController.xib */,
				2CCD679C1265BD2F0006FC10 /* HappyTodayViewController.xib */,
			);
			name = VC;
			sourceTree = "<group>";
		};
		2CCD67AA1265BE090006FC10 /* Icons */ = {
			isa = PBXGroup;
			children = (
				2CCD67AC1265BF500006FC10 /* happyday.png */,
				2CCD67AD1265BF500006FC10 /* settings.png */,
				2CCD67AE1265BF500006FC10 /* stats.png */,
			);
			name = Icons;
			sourceTree = "<group>";
		};
/* End PBXGroup section */

/* Begin PBXNativeTarget section */
		2C994E9D126221AC00D00065 /* Happy_Day */ = {
			isa = PBXNativeTarget;
			buildConfigurationList = 2C994EC2126221AC00D00065 /* Build configuration list for PBXNativeTarget "Happy_Day" */;
			buildPhases = (
				2C994E9A126221AC00D00065 /* Sources */,
				2C994E9B126221AC00D00065 /* Frameworks */,
				2C994E9C126221AC00D00065 /* Resources */,
			);
			buildRules = (
			);
			dependencies = (
			);
			name = Happy_Day;
			productName = Happy_Day;
			productReference = 2C994E9E126221AC00D00065 /* Happy_Day.app */;
			productType = "com.apple.product-type.application";
		};
/* End PBXNativeTarget section */

/* Begin PBXProject section */
		2C994E91126221AC00D00065 /* Project object */ = {
			isa = PBXProject;
			buildConfigurationList = 2C994E94126221AC00D00065 /* Build configuration list for PBXProject "Happy_Day" */;
			compatibilityVersion = "Xcode 3.2";
			developmentRegion = English;
			hasScannedForEncodings = 0;
			knownRegions = (
				en,
			);
			mainGroup = 2C994E8F126221AC00D00065;
			productRefGroup = 2C994E9F126221AC00D00065 /* Products */;
			projectDirPath = "";
			projectRoot = "";
			targets = (
				2C994E9D126221AC00D00065 /* Happy_Day */,
			);
		};
/* End PBXProject section */

/* Begin PBXResourcesBuildPhase section */
		2C994E9C126221AC00D00065 /* Resources */ = {
			isa = PBXResourcesBuildPhase;
			buildActionMask = 2147483647;
			files = (
				2C994EAB126221AC00D00065 /* InfoPlist.strings in Resources */,
				2C994EB3126221AC00D00065 /* MainWindow.xib in Resources */,
				2CCD679E1265BD2F0006FC10 /* HappyTodayViewController.xib in Resources */,
				2CCD67A31265BD600006FC10 /* StatsViewController.xib in Resources */,
				2CCD67A81265BD770006FC10 /* SettingsViewController.xib in Resources */,
				2CCD67AF1265BF500006FC10 /* happyday.png in Resources */,
				2CCD67B01265BF500006FC10 /* settings.png in Resources */,
				2CCD67B11265BF500006FC10 /* stats.png in Resources */,
			);
			runOnlyForDeploymentPostprocessing = 0;
		};
/* End PBXResourcesBuildPhase section */

/* Begin PBXSourcesBuildPhase section */
		2C994E9A126221AC00D00065 /* Sources */ = {
			isa = PBXSourcesBuildPhase;
			buildActionMask = 2147483647;
			files = (
				2C994EAD126221AC00D00065 /* main.m in Sources */,
				2C994EB0126221AC00D00065 /* Happy_DayAppDelegate.m in Sources */,
				2CCD679D1265BD2F0006FC10 /* HappyTodayViewController.m in Sources */,
				2CCD67A21265BD600006FC10 /* StatsViewController.m in Sources */,
				2CCD67A71265BD770006FC10 /* SettingsViewController.m in Sources */,
				2C8D27571289FFE50024FCBA /* AppHelper.m in Sources */,
			);
			runOnlyForDeploymentPostprocessing = 0;
		};
/* End PBXSourcesBuildPhase section */

/* Begin PBXVariantGroup section */
		2C994EA9126221AC00D00065 /* InfoPlist.strings */ = {
			isa = PBXVariantGroup;
			children = (
				2C994EAA126221AC00D00065 /* en */,
			);
			name = InfoPlist.strings;
			sourceTree = "<group>";
		};
		2C994EB1126221AC00D00065 /* MainWindow.xib */ = {
			isa = PBXVariantGroup;
			children = (
				2C994EB2126221AC00D00065 /* en */,
			);
			name = MainWindow.xib;
			sourceTree = "<group>";
		};
/* End PBXVariantGroup section */

/* Begin XCBuildConfiguration section */
		2C994EC0126221AC00D00065 /* Debug */ = {
			isa = XCBuildConfiguration;
			buildSettings = {
				ARCHS = "$(ARCHS_STANDARD_32_BIT)";
				"CODE_SIGN_IDENTITY[sdk=iphoneos*]" = "iPhone Developer";
				GCC_C_LANGUAGE_STANDARD = gnu99;
				GCC_OPTIMIZATION_LEVEL = 0;
				GCC_PREPROCESSOR_DEFINITIONS = DEBUG;
				GCC_WARN_ABOUT_RETURN_TYPE = YES;
				GCC_WARN_UNUSED_VARIABLE = YES;
				PREBINDING = NO;
				SDKROOT = iphoneos4.0;
			};
			name = Debug;
		};
		2C994EC1126221AC00D00065 /* Release */ = {
			isa = XCBuildConfiguration;
			buildSettings = {
				ARCHS = "$(ARCHS_STANDARD_32_BIT)";
				"CODE_SIGN_IDENTITY[sdk=iphoneos*]" = "iPhone Developer";
				GCC_C_LANGUAGE_STANDARD = gnu99;
				GCC_WARN_ABOUT_RETURN_TYPE = YES;
				GCC_WARN_UNUSED_VARIABLE = YES;
				OTHER_CFLAGS = "-DNS_BLOCK_ASSERTIONS=1";
				PREBINDING = NO;
				SDKROOT = iphoneos4.0;
			};
			name = Release;
		};
		2C994EC3126221AC00D00065 /* Debug */ = {
			isa = XCBuildConfiguration;
			buildSettings = {
				ALWAYS_SEARCH_USER_PATHS = NO;
				COPY_PHASE_STRIP = NO;
				GCC_DYNAMIC_NO_PIC = NO;
				GCC_PRECOMPILE_PREFIX_HEADER = YES;
				GCC_PREFIX_HEADER = Happy_Day_Prefix.pch;
				INFOPLIST_FILE = "Happy_Day-Info.plist";
				PRODUCT_NAME = Happy_Day;
				SDKROOT = iphoneos;
				WRAPPER_EXTENSION = app;
			};
			name = Debug;
		};
		2C994EC4126221AC00D00065 /* Release */ = {
			isa = XCBuildConfiguration;
			buildSettings = {
				ALWAYS_SEARCH_USER_PATHS = NO;
				COPY_PHASE_STRIP = YES;
				GCC_PRECOMPILE_PREFIX_HEADER = YES;
				GCC_PREFIX_HEADER = Happy_Day_Prefix.pch;
				INFOPLIST_FILE = "Happy_Day-Info.plist";
				PRODUCT_NAME = Happy_Day;
				SDKROOT = iphoneos;
				VALIDATE_PRODUCT = YES;
				WRAPPER_EXTENSION = app;
			};
			name = Release;
		};
/* End XCBuildConfiguration section */

/* Begin XCConfigurationList section */
		2C994E94126221AC00D00065 /* Build configuration list for PBXProject "Happy_Day" */ = {
			isa = XCConfigurationList;
			buildConfigurations = (
				2C994EC0126221AC00D00065 /* Debug */,
				2C994EC1126221AC00D00065 /* Release */,
			);
			defaultConfigurationIsVisible = 0;
			defaultConfigurationName = Release;
		};
		2C994EC2126221AC00D00065 /* Build configuration list for PBXNativeTarget "Happy_Day" */ = {
			isa = XCConfigurationList;
			buildConfigurations = (
				2C994EC3126221AC00D00065 /* Debug */,
				2C994EC4126221AC00D00065 /* Release */,
			);
			defaultConfigurationIsVisible = 0;
			defaultConfigurationName = Release;
		};
/* End XCConfigurationList section */
	};
	rootObject = 2C994E91126221AC00D00065 /* Project object */;
}
